
Microsoft Visual Studio Solution File, Format Version 12.00
# Visual Studio Version 16
VisualStudioVersion = 16.0.31313.79
MinimumVisualStudioVersion = 10.0.40219.1
Project("{FAE04EC0-301F-11D3-BF4B-00C04F79EFBC}") = "WinFormsPresentationLayer", "WinFormsPresentationLayer\WinFormsPresentationLayer.csproj", "{2E804A61-1C6A-4B5E-B039-65A5AECB2577}"
EndProject
Project("{FAE04EC0-301F-11D3-BF4B-00C04F79EFBC}") = "BusinessLogicalLayer", "BusinessLogicalLayer\BusinessLogicalLayer.csproj", "{66145528-9B60-46BC-BB63-3D6A02451B2A}"
EndProject
Project("{FAE04EC0-301F-11D3-BF4B-00C04F79EFBC}") = "DataAccessLayer", "DataAccessLayer\DataAccessLayer.csproj", "{CA701A0D-039D-4456-9F3A-EB2BD8710B41}"
EndProject
Project("{FAE04EC0-301F-11D3-BF4B-00C04F79EFBC}") = "Entities", "Entities\Entities.csproj", "{E0A3B7C3-B949-481E-BFAF-28B0B6C660DD}"
EndProject
Project("{FAE04EC0-301F-11D3-BF4B-00C04F79EFBC}") = "Shared", "Shared\Shared.csproj", "{2D623DB4-F60F-425C-92E6-BA55B3D1AEB6}"
EndProject
Global
	GlobalSection(SolutionConfigurationPlatforms) = preSolution
		Debug|Any CPU = Debug|Any CPU
		Release|Any CPU = Release|Any CPU
	EndGlobalSection
	GlobalSection(ProjectConfigurationPlatforms) = postSolution
		{2E804A61-1C6A-4B5E-B039-65A5AECB2577}.Debug|Any CPU.ActiveCfg = Debug|Any CPU
		{2E804A61-1C6A-4B5E-B039-65A5AECB2577}.Debug|Any CPU.Build.0 = Debug|Any CPU
		{2E804A61-1C6A-4B5E-B039-65A5AECB2577}.Release|Any CPU.ActiveCfg = Release|Any CPU
		{2E804A61-1C6A-4B5E-B039-65A5AECB2577}.Release|Any CPU.Build.0 = Release|Any CPU
		{66145528-9B60-46BC-BB63-3D6A02451B2A}.Debug|Any CPU.ActiveCfg = Debug|Any CPU
		{66145528-9B60-46BC-BB63-3D6A02451B2A}.Debug|Any CPU.Build.0 = Debug|Any CPU
		{66145528-9B60-46BC-BB63-3D6A02451B2A}.Release|Any CPU.ActiveCfg = Release|Any CPU
		{66145528-9B60-46BC-BB63-3D6A02451B2A}.Release|Any CPU.Build.0 = Release|Any CPU
		{CA701A0D-039D-4456-9F3A-EB2BD8710B41}.Debug|Any CPU.ActiveCfg = Debug|Any CPU
		{CA701A0D-039D-4456-9F3A-EB2BD8710B41}.Debug|Any CPU.Build.0 = Debug|Any CPU
		{CA701A0D-039D-4456-9F3A-EB2BD8710B41}.Release|Any CPU.ActiveCfg = Release|Any CPU
		{CA701A0D-039D-4456-9F3A-EB2BD8710B41}.Release|Any CPU.Build.0 = Release|Any CPU
		{E0A3B7C3-B949-481E-BFAF-28B0B6C660DD}.Debug|Any CPU.ActiveCfg = Debug|Any CPU
		{E0A3B7C3-B949-481E-BFAF-28B0B6C660DD}.Debug|Any CPU.Build.0 = Debug|Any CPU
		{E0A3B7C3-B949-481E-BFAF-28B0B6C660DD}.Release|Any CPU.ActiveCfg = Release|Any CPU
		{E0A3B7C3-B949-481E-BFAF-28B0B6C660DD}.Release|Any CPU.Build.0 = Release|Any CPU
		{2D623DB4-F60F-425C-92E6-BA55B3D1AEB6}.Debug|Any CPU.ActiveCfg = Debug|Any CPU
		{2D623DB4-F60F-425C-92E6-BA55B3D1AEB6}.Debug|Any CPU.Build.0 = Debug|Any CPU
		{2D623DB4-F60F-425C-92E6-BA55B3D1AEB6}.Release|Any CPU.ActiveCfg = Release|Any CPU
		{2D623DB4-F60F-425C-92E6-BA55B3D1AEB6}.Release|Any CPU.Build.0 = Release|Any CPU
	EndGlobalSection
	GlobalSection(SolutionProperties) = preSolution
		HideSolutionNode = FALSE
	EndGlobalSection
	GlobalSection(ExtensibilityGlobals) = postSolution
		SolutionGuid = {233BADCF-717D-4274-A2A3-6490760E65BA}
	EndGlobalSection
EndGlobal
